{
    "name": "properties-language-alternative",
    "version": "0.0.2",
    "lockfileVersion": 2,
    "requires": true,
    "packages": {
        "": {
            "name": "properties-language-alternative",
            "version": "0.0.2",
            "engines": {
                "vscode": "^1.64.0"
            }
        }
    }
}
